<?xml version="1.0" encoding="utf-8"?>
<Project ToolsVersion="4.0" xmlns="http://schemas.microsoft.com/developer/msbuild/2003">
  <ItemGroup>
    <Filter Include="Source Files">
      <UniqueIdentifier>{4FC737F1-C7A5-4376-A066-2A32D752A2FF}</UniqueIdentifier>
      <Extensions>cpp;c;cc;cxx;def;odl;idl;hpj;bat;asm;asmx</Extensions>
    </Filter>
    <Filter Include="Header Files">
      <UniqueIdentifier>{93995380-89BD-4b04-88EB-625FBE52EBFB}</UniqueIdentifier>
      <Extensions>h;hh;hpp;hxx;hm;inl;inc;xsd</Extensions>
    </Filter>
    <Filter Include="Resource Files">
      <UniqueIdentifier>{67DA6AB6-F800-4c08-8B7A-83BB121AAD01}</UniqueIdentifier>
      <Extensions>rc;ico;cur;bmp;dlg;rc2;rct;bin;rgs;gif;jpg;jpeg;jpe;resx;tiff;tif;png;wav;mfcribbon-ms</Extensions>
    </Filter>
    <Filter Include="Source Files\network">
      <UniqueIdentifier>{f4540fe4-4c73-45f6-bdb5-7920ad2ef9b7}</UniqueIdentifier>
    </Filter>
  </ItemGroup>
  <ItemGroup>
    <ClCompile Include="main.cpp">
      <Filter>Source Files</Filter>
    </ClCompile>
    <ClCompile Include="..\Plebian\network\network_connection.cpp">
      <Filter>Source Files\network</Filter>
    </ClCompile>
    <ClCompile Include="..\Plebian\network\packet_processor.cpp">
      <Filter>Source Files\network</Filter>
    </ClCompile>
    <ClCompile Include="..\Plebian\transform.cpp">
      <Filter>Source Files</Filter>
    </ClCompile>
    <ClCompile Include="..\Plebian\log.cpp">
      <Filter>Source Files</Filter>
    </ClCompile>
    <ClCompile Include="..\Plebian\network\entity_replica.cpp">
      <Filter>Source Files\network</Filter>
    </ClCompile>
    <ClCompile Include="..\Plebian\components.cpp">
      <Filter>Source Files</Filter>
    </ClCompile>
    <ClCompile Include="plebian_server.cpp">
      <Filter>Source Files</Filter>
    </ClCompile>
    <ClCompile Include="network\server_replica_manager.cpp">
      <Filter>Source Files\network</Filter>
    </ClCompile>
  </ItemGroup>
  <ItemGroup>
    <ClInclude Include="..\Plebian\network\network_connection.h">
      <Filter>Source Files\network</Filter>
    </ClInclude>
    <ClInclude Include="..\Plebian\network\packet_processor.h">
      <Filter>Source Files\network</Filter>
    </ClInclude>
    <ClInclude Include="..\Plebian\transform.h">
      <Filter>Source Files</Filter>
    </ClInclude>
    <ClInclude Include="..\Plebian\log.h">
      <Filter>Source Files</Filter>
    </ClInclude>
    <ClInclude Include="..\Plebian\network\entity_replica.h">
      <Filter>Source Files\network</Filter>
    </ClInclude>
    <ClInclude Include="..\Plebian\components.h">
      <Filter>Source Files</Filter>
    </ClInclude>
    <ClInclude Include="client.h">
      <Filter>Source Files</Filter>
    </ClInclude>
    <ClInclude Include="plebian_server.h">
      <Filter>Source Files</Filter>
    </ClInclude>
    <ClInclude Include="network\server_replica_manager.h">
      <Filter>Source Files\network</Filter>
    </ClInclude>
  </ItemGroup>
</Project>